<Solution>
  <Folder Name="/Solution Items/">
    <File Path="README.md" />
  </Folder>
  <Folder Name="/ThirdParty/" />
  <Folder Name="/ThirdParty/A2Adotnet/">
    <Project Path="ThirdParty/a2adotnet/src/A2Adotnet.Client/A2Adotnet.Client.csproj" />
    <Project Path="ThirdParty/a2adotnet/src/A2Adotnet.Common/A2Adotnet.Common.csproj" />
    <Project Path="ThirdParty/a2adotnet/src/A2Adotnet.Server/A2Adotnet.Server.csproj" />
  </Folder>
  <Folder Name="/ThirdParty/Markdig.Blazor/">
    <Project Path="ThirdParty/Markdig.Blazor/Markdig.Blazor.csproj" />
  </Folder>
  <Project Path="Agent2Agent.AgentA/Agent2Agent.AgentA.csproj" />
  <Project Path="Agent2Agent.AgentB/Agent2Agent.AgentB.csproj" />
  <Project Path="Agent2Agent.AgentC/Agent2Agent.AgentC.csproj" />
  <Project Path="Agent2Agent.AgentD/Agent2Agent.AgentD.csproj" />
  <Project Path="Agent2Agent.AppHost/Agent2Agent.AppHost.csproj" />
  <Project Path="Agent2Agent.ServiceDefaults/Agent2Agent.ServiceDefaults.csproj" />
  <Project Path="Agent2Agent.Web/Agent2Agent.Web.csproj" />
  <Project Path="DatasetCreator/DatasetCreator.csproj" Id="aeecb605-3a90-4d3a-b489-13e14b40b886" />
</Solution>
